
Microsoft Visual Studio Solution File, Format Version 12.00
# Visual Studio Version 17
VisualStudioVersion = 17.4.33015.44
MinimumVisualStudioVersion = 10.0.40219.1
Project("{9A19103F-16F7-4668-BE54-9A1E7A4F7556}") = "StandardDevOpsApi", "StandardDevOpsApi\StandardDevOpsApi.csproj", "{904078C7-F1FD-4872-BB9A-61F065792014}"
EndProject
Project("{E53339B2-1760-4266-BCC7-CA923CBCF16C}") = "docker-compose", "docker-compose.dcproj", "{751EEC47-4C0A-4F13-BFDD-A7CC34C238CD}"
EndProject
Project("{FAE04EC0-301F-11D3-BF4B-00C04F79EFBC}") = "StandardDevOpsApiTests.Unit", "StandardDevOpsApiTests.Unit\StandardDevOpsApiTests.Unit.csproj", "{30B16652-CFA3-46B5-837C-517CDD0675EC}"
EndProject
Global
	GlobalSection(SolutionConfigurationPlatforms) = preSolution
		Debug|Any CPU = Debug|Any CPU
		Release|Any CPU = Release|Any CPU
	EndGlobalSection
	GlobalSection(ProjectConfigurationPlatforms) = postSolution
		{904078C7-F1FD-4872-BB9A-61F065792014}.Debug|Any CPU.ActiveCfg = Debug|Any CPU
		{904078C7-F1FD-4872-BB9A-61F065792014}.Debug|Any CPU.Build.0 = Debug|Any CPU
		{904078C7-F1FD-4872-BB9A-61F065792014}.Release|Any CPU.ActiveCfg = Release|Any CPU
		{904078C7-F1FD-4872-BB9A-61F065792014}.Release|Any CPU.Build.0 = Release|Any CPU
		{751EEC47-4C0A-4F13-BFDD-A7CC34C238CD}.Debug|Any CPU.ActiveCfg = Debug|Any CPU
		{751EEC47-4C0A-4F13-BFDD-A7CC34C238CD}.Debug|Any CPU.Build.0 = Debug|Any CPU
		{751EEC47-4C0A-4F13-BFDD-A7CC34C238CD}.Release|Any CPU.ActiveCfg = Release|Any CPU
		{751EEC47-4C0A-4F13-BFDD-A7CC34C238CD}.Release|Any CPU.Build.0 = Release|Any CPU
		{30B16652-CFA3-46B5-837C-517CDD0675EC}.Debug|Any CPU.ActiveCfg = Debug|Any CPU
		{30B16652-CFA3-46B5-837C-517CDD0675EC}.Debug|Any CPU.Build.0 = Debug|Any CPU
		{30B16652-CFA3-46B5-837C-517CDD0675EC}.Release|Any CPU.ActiveCfg = Release|Any CPU
		{30B16652-CFA3-46B5-837C-517CDD0675EC}.Release|Any CPU.Build.0 = Release|Any CPU
	EndGlobalSection
	GlobalSection(SolutionProperties) = preSolution
		HideSolutionNode = FALSE
	EndGlobalSection
	GlobalSection(ExtensibilityGlobals) = postSolution
		SolutionGuid = {B441DA2D-83A5-427A-AFE6-8730A093A8B6}
	EndGlobalSection
EndGlobal
